
Microsoft Visual Studio Solution File, Format Version 12.00
# Visual Studio 14
VisualStudioVersion = 14.0.25420.1
MinimumVisualStudioVersion = 10.0.40219.1
Project("{FAE04EC0-301F-11D3-BF4B-00C04F79EFBC}") = "Model", "Model\Model.csproj", "{EC501B26-ABEE-42D5-BB90-F33F7288371A}"
EndProject
Project("{FAE04EC0-301F-11D3-BF4B-00C04F79EFBC}") = "Repository", "Repository\Repository.csproj", "{9838DC6F-CB87-41E2-9EFE-8C348D9E1B27}"
EndProject
Project("{FAE04EC0-301F-11D3-BF4B-00C04F79EFBC}") = "Service", "Service\Service.csproj", "{0FA92307-3B86-4B1C-ADDA-DB49BE889BCA}"
EndProject
Project("{FAE04EC0-301F-11D3-BF4B-00C04F79EFBC}") = "Core", "Core\Core.csproj", "{DC8F0BFE-6BB3-4F1D-8197-326FF0253687}"
EndProject
Project("{FAE04EC0-301F-11D3-BF4B-00C04F79EFBC}") = "Web", "Web\Web.csproj", "{032BE582-FF31-4E1E-B1F9-36C6F3F23A2C}"
EndProject
Project("{FAE04EC0-301F-11D3-BF4B-00C04F79EFBC}") = "Web.Tests", "Web.Tests\Web.Tests.csproj", "{147495B4-AD26-4F30-909C-4C354A2A0A8A}"
EndProject
Global
	GlobalSection(SolutionConfigurationPlatforms) = preSolution
		Debug|Any CPU = Debug|Any CPU
		Release|Any CPU = Release|Any CPU
	EndGlobalSection
	GlobalSection(ProjectConfigurationPlatforms) = postSolution
		{EC501B26-ABEE-42D5-BB90-F33F7288371A}.Debug|Any CPU.ActiveCfg = Debug|Any CPU
		{EC501B26-ABEE-42D5-BB90-F33F7288371A}.Debug|Any CPU.Build.0 = Debug|Any CPU
		{EC501B26-ABEE-42D5-BB90-F33F7288371A}.Release|Any CPU.ActiveCfg = Release|Any CPU
		{EC501B26-ABEE-42D5-BB90-F33F7288371A}.Release|Any CPU.Build.0 = Release|Any CPU
		{9838DC6F-CB87-41E2-9EFE-8C348D9E1B27}.Debug|Any CPU.ActiveCfg = Debug|Any CPU
		{9838DC6F-CB87-41E2-9EFE-8C348D9E1B27}.Debug|Any CPU.Build.0 = Debug|Any CPU
		{9838DC6F-CB87-41E2-9EFE-8C348D9E1B27}.Release|Any CPU.ActiveCfg = Release|Any CPU
		{9838DC6F-CB87-41E2-9EFE-8C348D9E1B27}.Release|Any CPU.Build.0 = Release|Any CPU
		{0FA92307-3B86-4B1C-ADDA-DB49BE889BCA}.Debug|Any CPU.ActiveCfg = Debug|Any CPU
		{0FA92307-3B86-4B1C-ADDA-DB49BE889BCA}.Debug|Any CPU.Build.0 = Debug|Any CPU
		{0FA92307-3B86-4B1C-ADDA-DB49BE889BCA}.Release|Any CPU.ActiveCfg = Release|Any CPU
		{0FA92307-3B86-4B1C-ADDA-DB49BE889BCA}.Release|Any CPU.Build.0 = Release|Any CPU
		{DC8F0BFE-6BB3-4F1D-8197-326FF0253687}.Debug|Any CPU.ActiveCfg = Debug|Any CPU
		{DC8F0BFE-6BB3-4F1D-8197-326FF0253687}.Debug|Any CPU.Build.0 = Debug|Any CPU
		{DC8F0BFE-6BB3-4F1D-8197-326FF0253687}.Release|Any CPU.ActiveCfg = Release|Any CPU
		{DC8F0BFE-6BB3-4F1D-8197-326FF0253687}.Release|Any CPU.Build.0 = Release|Any CPU
		{032BE582-FF31-4E1E-B1F9-36C6F3F23A2C}.Debug|Any CPU.ActiveCfg = Debug|Any CPU
		{032BE582-FF31-4E1E-B1F9-36C6F3F23A2C}.Debug|Any CPU.Build.0 = Debug|Any CPU
		{032BE582-FF31-4E1E-B1F9-36C6F3F23A2C}.Release|Any CPU.ActiveCfg = Release|Any CPU
		{032BE582-FF31-4E1E-B1F9-36C6F3F23A2C}.Release|Any CPU.Build.0 = Release|Any CPU
		{147495B4-AD26-4F30-909C-4C354A2A0A8A}.Debug|Any CPU.ActiveCfg = Debug|Any CPU
		{147495B4-AD26-4F30-909C-4C354A2A0A8A}.Debug|Any CPU.Build.0 = Debug|Any CPU
		{147495B4-AD26-4F30-909C-4C354A2A0A8A}.Release|Any CPU.ActiveCfg = Release|Any CPU
		{147495B4-AD26-4F30-909C-4C354A2A0A8A}.Release|Any CPU.Build.0 = Release|Any CPU
	EndGlobalSection
	GlobalSection(SolutionProperties) = preSolution
		HideSolutionNode = FALSE
	EndGlobalSection
EndGlobal
